PODS:
  - Flutter (1.0.0)
  - VietMap (2.9.4)
  - vietmap_flutter_gl (0.0.3):
    - Flutter
    - VietMap (~> 2.9.4)

DEPENDENCIES:
  - Flutter (from `Flutter`)
  - vietmap_flutter_gl (from `.symlinks/plugins/vietmap_flutter_gl/ios`)

SPEC REPOS:
  trunk:
    - VietMap

EXTERNAL SOURCES:
  Flutter:
    :path: Flutter
  vietmap_flutter_gl:
    :path: ".symlinks/plugins/vietmap_flutter_gl/ios"

SPEC CHECKSUMS:
  Flutter: f04841e97a9d0b0a8025694d0796dd46242b2854
  VietMap: 12d51550ae540231b40cec59516002213bb46dcc
  vietmap_flutter_gl: f2629ed88a6d2420c817dba0ea13c43e664f773a

PODFILE CHECKSUM: a57f30d18f102dd3ce366b1d62a55ecbef2158e5

COCOAPODS: 1.16.2
